// !$*UTF8*$!
{
	archiveVersion = 1;
	classes = {
	};
	objectVersion = 50;
	objects = {

/* Begin PBXBuildFile section */
		A80B55D92114219600A213C2 /* AppDelegate.swift in Sources */ = {isa = PBXBuildFile; fileRef = A80B55D82114219600A213C2 /* AppDelegate.swift */; };
		A80B55DB2114219600A213C2 /* ViewController.swift in Sources */ = {isa = PBXBuildFile; fileRef = A80B55DA2114219600A213C2 /* ViewController.swift */; };
		A80B55DE2114219700A213C2 /* Main.storyboard in Resources */ = {isa = PBXBuildFile; fileRef = A80B55DC2114219700A213C2 /* Main.storyboard */; };
		A80B55E0211421A200A213C2 /* Assets.xcassets in Resources */ = {isa = PBXBuildFile; fileRef = A80B55DF211421A200A213C2 /* Assets.xcassets */; };
		A80B55E3211421A200A213C2 /* LaunchScreen.storyboard in Resources */ = {isa = PBXBuildFile; fileRef = A80B55E1211421A200A213C2 /* LaunchScreen.storyboard */; };
		A80B55EB2114227200A213C2 /* mnistCNN.mlmodel in Sources */ = {isa = PBXBuildFile; fileRef = A80B55EA2114227200A213C2 /* mnistCNN.mlmodel */; };
		A80B55ED211422F700A213C2 /* DrawView.swift in Sources */ = {isa = PBXBuildFile; fileRef = A80B55EC211422F700A213C2 /* DrawView.swift */; };
/* End PBXBuildFile section */

/* Begin PBXFileReference section */
		A80B55D52114219600A213C2 /* iOS-CoreML-MNIST.app */ = {isa = PBXFileReference; explicitFileType = wrapper.application; includeInIndex = 0; path = "iOS-CoreML-MNIST.app"; sourceTree = BUILT_PRODUCTS_DIR; };
		A80B55D82114219600A213C2 /* AppDelegate.swift */ = {isa = PBXFileReference; lastKnownFileType = sourcecode.swift; path = AppDelegate.swift; sourceTree = "<group>"; };
		A80B55DA2114219600A213C2 /* ViewController.swift */ = {isa = PBXFileReference; lastKnownFileType = sourcecode.swift; path = ViewController.swift; sourceTree = "<group>"; };
		A80B55DD2114219700A213C2 /* Base */ = {isa = PBXFileReference; lastKnownFileType = file.storyboard; name = Base; path = Base.lproj/Main.storyboard; sourceTree = "<group>"; };
		A80B55DF211421A200A213C2 /* Assets.xcassets */ = {isa = PBXFileReference; lastKnownFileType = folder.assetcatalog; path = Assets.xcassets; sourceTree = "<group>"; };
		A80B55E2211421A200A213C2 /* Base */ = {isa = PBXFileReference; lastKnownFileType = file.storyboard; name = Base; path = Base.lproj/LaunchScreen.storyboard; sourceTree = "<group>"; };
		A80B55E4211421A200A213C2 /* Info.plist */ = {isa = PBXFileReference; lastKnownFileType = text.plist.xml; path = Info.plist; sourceTree = "<group>"; };
		A80B55EA2114227200A213C2 /* mnistCNN.mlmodel */ = {isa = PBXFileReference; lastKnownFileType = file.mlmodel; path = mnistCNN.mlmodel; sourceTree = "<group>"; };
		A80B55EC211422F700A213C2 /* DrawView.swift */ = {isa = PBXFileReference; lastKnownFileType = sourcecode.swift; path = DrawView.swift; sourceTree = "<group>"; };
/* End PBXFileReference section */

/* Begin PBXFrameworksBuildPhase section */
		A80B55D22114219600A213C2 /* Frameworks */ = {
			isa = PBXFrameworksBuildPhase;
			buildActionMask = 2147483647;
			files = (
			);
			runOnlyForDeploymentPostprocessing = 0;
		};
/* End PBXFrameworksBuildPhase section */

/* Begin PBXGroup section */
		A80B55CC2114219600A213C2 = {
			isa = PBXGroup;
			children = (
				A80B55D72114219600A213C2 /* iOS-CoreML-MNIST */,
				A80B55D62114219600A213C2 /* Products */,
			);
			sourceTree = "<group>";
		};
		A80B55D62114219600A213C2 /* Products */ = {
			isa = PBXGroup;
			children = (
				A80B55D52114219600A213C2 /* iOS-CoreML-MNIST.app */,
			);
			name = Products;
			sourceTree = "<group>";
		};
		A80B55D72114219600A213C2 /* iOS-CoreML-MNIST */ = {
			isa = PBXGroup;
			children = (
				A80B55EA2114227200A213C2 /* mnistCNN.mlmodel */,
				A80B55D82114219600A213C2 /* AppDelegate.swift */,
				A80B55DA2114219600A213C2 /* ViewController.swift */,
				A80B55DC2114219700A213C2 /* Main.storyboard */,
				A80B55DF211421A200A213C2 /* Assets.xcassets */,
				A80B55E1211421A200A213C2 /* LaunchScreen.storyboard */,
				A80B55E4211421A200A213C2 /* Info.plist */,
				A80B55EC211422F700A213C2 /* DrawView.swift */,
			);
			path = "iOS-CoreML-MNIST";
			sourceTree = "<group>";
		};
/* End PBXGroup section */

/* Begin PBXNativeTarget section */
		A80B55D42114219600A213C2 /* iOS-CoreML-MNIST */ = {
			isa = PBXNativeTarget;
			buildConfigurationList = A80B55E7211421A200A213C2 /* Build configuration list for PBXNativeTarget "iOS-CoreML-MNIST" */;
			buildPhases = (
				A80B55D12114219600A213C2 /* Sources */,
				A80B55D22114219600A213C2 /* Frameworks */,
				A80B55D32114219600A213C2 /* Resources */,
			);
			buildRules = (
			);
			dependencies = (
			);
			name = "iOS-CoreML-MNIST";
			productName = "iOS-CoreML-MNIST";
			productReference = A80B55D52114219600A213C2 /* iOS-CoreML-MNIST.app */;
			productType = "com.apple.product-type.application";
		};
/* End PBXNativeTarget section */

/* Begin PBXProject section */
		A80B55CD2114219600A213C2 /* Project object */ = {
			isa = PBXProject;
			attributes = {
				LastSwiftUpdateCheck = 1000;
				LastUpgradeCheck = 1000;
				ORGANIZATIONNAME = "Sri Raghu Malireddi";
				TargetAttributes = {
					A80B55D42114219600A213C2 = {
						CreatedOnToolsVersion = 10.0;
						LastSwiftMigration = 1120;
					};
				};
			};
			buildConfigurationList = A80B55D02114219600A213C2 /* Build configuration list for PBXProject "iOS-CoreML-MNIST" */;
			compatibilityVersion = "Xcode 9.3";
			developmentRegion = en;
			hasScannedForEncodings = 0;
			knownRegions = (
				en,
				Base,
			);
			mainGroup = A80B55CC2114219600A213C2;
			productRefGroup = A80B55D62114219600A213C2 /* Products */;
			projectDirPath = "";
			projectRoot = "";
			targets = (
				A80B55D42114219600A213C2 /* iOS-CoreML-MNIST */,
			);
		};
/* End PBXProject section */

/* Begin PBXResourcesBuildPhase section */
		A80B55D32114219600A213C2 /* Resources */ = {
			isa = PBXResourcesBuildPhase;
			buildActionMask = 2147483647;
			files = (
				A80B55E3211421A200A213C2 /* LaunchScreen.storyboard in Resources */,
				A80B55E0211421A200A213C2 /* Assets.xcassets in Resources */,
				A80B55DE2114219700A213C2 /* Main.storyboard in Resources */,
			);
			runOnlyForDeploymentPostprocessing = 0;
		};
/* End PBXResourcesBuildPhase section */

/* Begin PBXSourcesBuildPhase section */
		A80B55D12114219600A213C2 /* Sources */ = {
			isa = PBXSourcesBuildPhase;
			buildActionMask = 2147483647;
			files = (
				A80B55DB2114219600A213C2 /* ViewController.swift in Sources */,
				A80B55EB2114227200A213C2 /* mnistCNN.mlmodel in Sources */,
				A80B55ED211422F700A213C2 /* DrawView.swift in Sources */,
				A80B55D92114219600A213C2 /* AppDelegate.swift in Sources */,
			);
			runOnlyForDeploymentPostprocessing = 0;
		};
/* End PBXSourcesBuildPhase section */

/* Begin PBXVariantGroup section */
		A80B55DC2114219700A213C2 /* Main.storyboard */ = {
			isa = PBXVariantGroup;
			children = (
				A80B55DD2114219700A213C2 /* Base */,
			);
			name = Main.storyboard;
			sourceTree = "<group>";
		};
		A80B55E1211421A200A213C2 /* LaunchScreen.storyboard */ = {
			isa = PBXVariantGroup;
			children = (
				A80B55E2211421A200A213C2 /* Base */,
			);
			name = LaunchScreen.storyboard;
			sourceTree = "<group>";
		};
/* End PBXVariantGroup section */

/* Begin XCBuildConfiguration section */
		A80B55E5211421A200A213C2 /* Debug */ = {
			isa = XCBuildConfiguration;
			buildSettings = {
				ALWAYS_SEARCH_USER_PATHS = NO;
				CLANG_ANALYZER_NONNULL = YES;
				CLANG_ANALYZER_NUMBER_OBJECT_CONVERSION = YES_AGGRESSIVE;
				CLANG_CXX_LANGUAGE_STANDARD = "gnu++14";
				CLANG_CXX_LIBRARY = "libc++";
				CLANG_ENABLE_MODULES = YES;
				CLANG_ENABLE_OBJC_ARC = YES;
				CLANG_ENABLE_OBJC_WEAK = YES;
				CLANG_WARN_BLOCK_CAPTURE_AUTORELEASING = YES;
				CLANG_WARN_BOOL_CONVERSION = YES;
				CLANG_WARN_COMMA = YES;
				CLANG_WARN_CONSTANT_CONVERSION = YES;
				CLANG_WARN_DEPRECATED_OBJC_IMPLEMENTATIONS = YES;
				CLANG_WARN_DIRECT_OBJC_ISA_USAGE = YES_ERROR;
				CLANG_WARN_DOCUMENTATION_COMMENTS = YES;
				CLANG_WARN_EMPTY_BODY = YES;
				CLANG_WARN_ENUM_CONVERSION = YES;
				CLANG_WARN_INFINITE_RECURSION = YES;
				CLANG_WARN_INT_CONVERSION = YES;
				CLANG_WARN_NON_LITERAL_NULL_CONVERSION = YES;
				CLANG_WARN_OBJC_IMPLICIT_RETAIN_SELF = YES;
				CLANG_WARN_OBJC_LITERAL_CONVERSION = YES;
				CLANG_WARN_OBJC_ROOT_CLASS = YES_ERROR;
				CLANG_WARN_RANGE_LOOP_ANALYSIS = YES;
				CLANG_WARN_STRICT_PROTOTYPES = YES;
				CLANG_WARN_SUSPICIOUS_MOVE = YES;
				CLANG_WARN_UNGUARDED_AVAILABILITY = YES_AGGRESSIVE;
				CLANG_WARN_UNREACHABLE_CODE = YES;
				CLANG_WARN__DUPLICATE_METHOD_MATCH = YES;
				CODE_SIGN_IDENTITY = "iPhone Developer";
				COPY_PHASE_STRIP = NO;
				DEBUG_INFORMATION_FORMAT = dwarf;
				ENABLE_STRICT_OBJC_MSGSEND = YES;
				ENABLE_TESTABILITY = YES;
				GCC_C_LANGUAGE_STANDARD = gnu11;
				GCC_DYNAMIC_NO_PIC = NO;
				GCC_NO_COMMON_BLOCKS = YES;
				GCC_OPTIMIZATION_LEVEL = 0;
				GCC_PREPROCESSOR_DEFINITIONS = (
					"DEBUG=1",
					"$(inherited)",
				);
				GCC_WARN_64_TO_32_BIT_CONVERSION = YES;
				GCC_WARN_ABOUT_RETURN_TYPE = YES_ERROR;
				GCC_WARN_UNDECLARED_SELECTOR = YES;
				GCC_WARN_UNINITIALIZED_AUTOS = YES_AGGRESSIVE;
				GCC_WARN_UNUSED_FUNCTION = YES;
				GCC_WARN_UNUSED_VARIABLE = YES;
				IPHONEOS_DEPLOYMENT_TARGET = 12.0;
				MTL_ENABLE_DEBUG_INFO = INCLUDE_SOURCE;
				ONLY_ACTIVE_ARCH = YES;
				SDKROOT = iphoneos;
				SWIFT_ACTIVE_COMPILATION_CONDITIONS = DEBUG;
				SWIFT_OPTIMIZATION_LEVEL = "-Onone";
			};
			name = Debug;
		};
		A80B55E6211421A200A213C2 /* Release */ = {
			isa = XCBuildConfiguration;
			buildSettings = {
				ALWAYS_SEARCH_USER_PATHS = NO;
				CLANG_ANALYZER_NONNULL = YES;
				CLANG_ANALYZER_NUMBER_OBJECT_CONVERSION = YES_AGGRESSIVE;
				CLANG_CXX_LANGUAGE_STANDARD = "gnu++14";
				CLANG_CXX_LIBRARY = "libc++";
				CLANG_ENABLE_MODULES = YES;
				CLANG_ENABLE_OBJC_ARC = YES;
				CLANG_ENABLE_OBJC_WEAK = YES;
				CLANG_WARN_BLOCK_CAPTURE_AUTORELEASING = YES;
				CLANG_WARN_BOOL_CONVERSION = YES;
				CLANG_WARN_COMMA = YES;
				CLANG_WARN_CONSTANT_CONVERSION = YES;
				CLANG_WARN_DEPRECATED_OBJC_IMPLEMENTATIONS = YES;
				CLANG_WARN_DIRECT_OBJC_ISA_USAGE = YES_ERROR;
				CLANG_WARN_DOCUMENTATION_COMMENTS = YES;
				CLANG_WARN_EMPTY_BODY = YES;
				CLANG_WARN_ENUM_CONVERSION = YES;
				CLANG_WARN_INFINITE_RECURSION = YES;
				CLANG_WARN_INT_CONVERSION = YES;
				CLANG_WARN_NON_LITERAL_NULL_CONVERSION = YES;
				CLANG_WARN_OBJC_IMPLICIT_RETAIN_SELF = YES;
				CLANG_WARN_OBJC_LITERAL_CONVERSION = YES;
				CLANG_WARN_OBJC_ROOT_CLASS = YES_ERROR;
				CLANG_WARN_RANGE_LOOP_ANALYSIS = YES;
				CLANG_WARN_STRICT_PROTOTYPES = YES;
				CLANG_WARN_SUSPICIOUS_MOVE = YES;
				CLANG_WARN_UNGUARDED_AVAILABILITY = YES_AGGRESSIVE;
				CLANG_WARN_UNREACHABLE_CODE = YES;
				CLANG_WARN__DUPLICATE_METHOD_MATCH = YES;
				CODE_SIGN_IDENTITY = "iPhone Developer";
				COPY_PHASE_STRIP = NO;
				DEBUG_INFORMATION_FORMAT = "dwarf-with-dsym";
				ENABLE_NS_ASSERTIONS = NO;
				ENABLE_STRICT_OBJC_MSGSEND = YES;
				GCC_C_LANGUAGE_STANDARD = gnu11;
				GCC_NO_COMMON_BLOCKS = YES;
				GCC_WARN_64_TO_32_BIT_CONVERSION = YES;
				GCC_WARN_ABOUT_RETURN_TYPE = YES_ERROR;
				GCC_WARN_UNDECLARED_SELECTOR = YES;
				GCC_WARN_UNINITIALIZED_AUTOS = YES_AGGRESSIVE;
				GCC_WARN_UNUSED_FUNCTION = YES;
				GCC_WARN_UNUSED_VARIABLE = YES;
				IPHONEOS_DEPLOYMENT_TARGET = 12.0;
				MTL_ENABLE_DEBUG_INFO = NO;
				SDKROOT = iphoneos;
				SWIFT_COMPILATION_MODE = wholemodule;
				SWIFT_OPTIMIZATION_LEVEL = "-O";
				VALIDATE_PRODUCT = YES;
			};
			name = Release;
		};
		A80B55E8211421A200A213C2 /* Debug */ = {
			isa = XCBuildConfiguration;
			buildSettings = {
				ASSETCATALOG_COMPILER_APPICON_NAME = AppIcon;
				CODE_SIGN_STYLE = Automatic;
				DEVELOPMENT_TEAM = HAFX6G88W7;
				INFOPLIST_FILE = "iOS-CoreML-MNIST/Info.plist";
				IPHONEOS_DEPLOYMENT_TARGET = 13.2;
				LD_RUNPATH_SEARCH_PATHS = (
					"$(inherited)",
					"@executable_path/Frameworks",
				);
				PRODUCT_BUNDLE_IDENTIFIER = "com.sri.iOS.iOS-CoreML-MNIST";
				PRODUCT_NAME = "$(TARGET_NAME)";
				SWIFT_VERSION = 5.0;
				TARGETED_DEVICE_FAMILY = "1,2";
			};
			name = Debug;
		};
		A80B55E9211421A200A213C2 /* Release */ = {
			isa = XCBuildConfiguration;
			buildSettings = {
				ASSETCATALOG_COMPILER_APPICON_NAME = AppIcon;
				CODE_SIGN_STYLE = Automatic;
				DEVELOPMENT_TEAM = HAFX6G88W7;
				INFOPLIST_FILE = "iOS-CoreML-MNIST/Info.plist";
				IPHONEOS_DEPLOYMENT_TARGET = 13.2;
				LD_RUNPATH_SEARCH_PATHS = (
					"$(inherited)",
					"@executable_path/Frameworks",
				);
				PRODUCT_BUNDLE_IDENTIFIER = "com.sri.iOS.iOS-CoreML-MNIST";
				PRODUCT_NAME = "$(TARGET_NAME)";
				SWIFT_VERSION = 5.0;
				TARGETED_DEVICE_FAMILY = "1,2";
			};
			name = Release;
		};
/* End XCBuildConfiguration section */

/* Begin XCConfigurationList section */
		A80B55D02114219600A213C2 /* Build configuration list for PBXProject "iOS-CoreML-MNIST" */ = {
			isa = XCConfigurationList;
			buildConfigurations = (
				A80B55E5211421A200A213C2 /* Debug */,
				A80B55E6211421A200A213C2 /* Release */,
			);
			defaultConfigurationIsVisible = 0;
			defaultConfigurationName = Release;
		};
		A80B55E7211421A200A213C2 /* Build configuration list for PBXNativeTarget "iOS-CoreML-MNIST" */ = {
			isa = XCConfigurationList;
			buildConfigurations = (
				A80B55E8211421A200A213C2 /* Debug */,
				A80B55E9211421A200A213C2 /* Release */,
			);
			defaultConfigurationIsVisible = 0;
			defaultConfigurationName = Release;
		};
/* End XCConfigurationList section */
	};
	rootObject = A80B55CD2114219600A213C2 /* Project object */;
}
